
Microsoft Visual Studio Solution File, Format Version 12.00
# Visual Studio Version 17
VisualStudioVersion = 17.12.35527.113 d17.12
MinimumVisualStudioVersion = 10.0.40219.1
Project("{2150E333-8FDC-42A3-9474-1A3956D46DE8}") = "01_AccountService", "01_AccountService", "{C2262547-0CC0-489E-A13C-070BDC268629}"
EndProject
Project("{2150E333-8FDC-42A3-9474-1A3956D46DE8}") = "02_AuditService", "02_AuditService", "{DC6EDB40-D428-4960-B4E6-7F10B18200CD}"
EndProject
Project("{FAE04EC0-301F-11D3-BF4B-00C04F79EFBC}") = "Account.Domain.Model", "Account.Domain.Model\Account.Domain.Model.csproj", "{D51CD270-6B50-4D3B-B313-81A69E21780A}"
EndProject
Project("{FAE04EC0-301F-11D3-BF4B-00C04F79EFBC}") = "Account.Domain.Services", "Account.Domain.Services\Account.Domain.Services.csproj", "{FA61B510-35FF-4944-AC2E-E895AC67980B}"
EndProject
Project("{FAE04EC0-301F-11D3-BF4B-00C04F79EFBC}") = "Account.Application", "Account.Application\Account.Application.csproj", "{786B33FC-E095-460D-8FE3-42182984CB12}"
EndProject
Project("{FAE04EC0-301F-11D3-BF4B-00C04F79EFBC}") = "Account.Infrastructure", "Account.Infra.Persistence.SQL\Account.Infrastructure.csproj", "{8BE2BF0F-A9BB-47FA-9E94-DF0615D5EFDF}"
EndProject
Project("{FAE04EC0-301F-11D3-BF4B-00C04F79EFBC}") = "Account.WebApi", "Account.WebApi\Account.WebApi.csproj", "{9090E1BD-159C-44AF-ADEA-A2D730D553E7}"
EndProject
Project("{FAE04EC0-301F-11D3-BF4B-00C04F79EFBC}") = "Audit.Domain.Model", "Audit.Domain.Model\Audit.Domain.Model.csproj", "{668AA4D1-2BB3-4263-9357-822245D35A21}"
EndProject
Project("{FAE04EC0-301F-11D3-BF4B-00C04F79EFBC}") = "Audit.Domain.Services", "Audit.Domain.Services\Audit.Domain.Services.csproj", "{CD75097E-AFD4-40DF-9D82-986645BF19F3}"
EndProject
Project("{FAE04EC0-301F-11D3-BF4B-00C04F79EFBC}") = "Audit.Application", "Audit.Application\Audit.Application.csproj", "{5B572AD5-570B-4C19-8DBE-EA575F74E910}"
EndProject
Project("{FAE04EC0-301F-11D3-BF4B-00C04F79EFBC}") = "Audit.Infrastructure", "Audit.Infra.Persistence.MySQL\Audit.Infrastructure.csproj", "{E5794D88-BC64-40B2-AA05-F29A98FC8FFB}"
EndProject
Project("{FAE04EC0-301F-11D3-BF4B-00C04F79EFBC}") = "Audit.WebApi", "Audit.WebApi\Audit.WebApi.csproj", "{994C33D7-0873-4460-BF1F-BBAAC1AEF041}"
EndProject
Global
	GlobalSection(SolutionConfigurationPlatforms) = preSolution
		Debug|Any CPU = Debug|Any CPU
		Release|Any CPU = Release|Any CPU
	EndGlobalSection
	GlobalSection(ProjectConfigurationPlatforms) = postSolution
		{D51CD270-6B50-4D3B-B313-81A69E21780A}.Debug|Any CPU.ActiveCfg = Debug|Any CPU
		{D51CD270-6B50-4D3B-B313-81A69E21780A}.Debug|Any CPU.Build.0 = Debug|Any CPU
		{D51CD270-6B50-4D3B-B313-81A69E21780A}.Release|Any CPU.ActiveCfg = Release|Any CPU
		{D51CD270-6B50-4D3B-B313-81A69E21780A}.Release|Any CPU.Build.0 = Release|Any CPU
		{FA61B510-35FF-4944-AC2E-E895AC67980B}.Debug|Any CPU.ActiveCfg = Debug|Any CPU
		{FA61B510-35FF-4944-AC2E-E895AC67980B}.Debug|Any CPU.Build.0 = Debug|Any CPU
		{FA61B510-35FF-4944-AC2E-E895AC67980B}.Release|Any CPU.ActiveCfg = Release|Any CPU
		{FA61B510-35FF-4944-AC2E-E895AC67980B}.Release|Any CPU.Build.0 = Release|Any CPU
		{786B33FC-E095-460D-8FE3-42182984CB12}.Debug|Any CPU.ActiveCfg = Debug|Any CPU
		{786B33FC-E095-460D-8FE3-42182984CB12}.Debug|Any CPU.Build.0 = Debug|Any CPU
		{786B33FC-E095-460D-8FE3-42182984CB12}.Release|Any CPU.ActiveCfg = Release|Any CPU
		{786B33FC-E095-460D-8FE3-42182984CB12}.Release|Any CPU.Build.0 = Release|Any CPU
		{8BE2BF0F-A9BB-47FA-9E94-DF0615D5EFDF}.Debug|Any CPU.ActiveCfg = Debug|Any CPU
		{8BE2BF0F-A9BB-47FA-9E94-DF0615D5EFDF}.Debug|Any CPU.Build.0 = Debug|Any CPU
		{8BE2BF0F-A9BB-47FA-9E94-DF0615D5EFDF}.Release|Any CPU.ActiveCfg = Release|Any CPU
		{8BE2BF0F-A9BB-47FA-9E94-DF0615D5EFDF}.Release|Any CPU.Build.0 = Release|Any CPU
		{9090E1BD-159C-44AF-ADEA-A2D730D553E7}.Debug|Any CPU.ActiveCfg = Debug|Any CPU
		{9090E1BD-159C-44AF-ADEA-A2D730D553E7}.Debug|Any CPU.Build.0 = Debug|Any CPU
		{9090E1BD-159C-44AF-ADEA-A2D730D553E7}.Release|Any CPU.ActiveCfg = Release|Any CPU
		{9090E1BD-159C-44AF-ADEA-A2D730D553E7}.Release|Any CPU.Build.0 = Release|Any CPU
		{668AA4D1-2BB3-4263-9357-822245D35A21}.Debug|Any CPU.ActiveCfg = Debug|Any CPU
		{668AA4D1-2BB3-4263-9357-822245D35A21}.Debug|Any CPU.Build.0 = Debug|Any CPU
		{668AA4D1-2BB3-4263-9357-822245D35A21}.Release|Any CPU.ActiveCfg = Release|Any CPU
		{668AA4D1-2BB3-4263-9357-822245D35A21}.Release|Any CPU.Build.0 = Release|Any CPU
		{CD75097E-AFD4-40DF-9D82-986645BF19F3}.Debug|Any CPU.ActiveCfg = Debug|Any CPU
		{CD75097E-AFD4-40DF-9D82-986645BF19F3}.Debug|Any CPU.Build.0 = Debug|Any CPU
		{CD75097E-AFD4-40DF-9D82-986645BF19F3}.Release|Any CPU.ActiveCfg = Release|Any CPU
		{CD75097E-AFD4-40DF-9D82-986645BF19F3}.Release|Any CPU.Build.0 = Release|Any CPU
		{5B572AD5-570B-4C19-8DBE-EA575F74E910}.Debug|Any CPU.ActiveCfg = Debug|Any CPU
		{5B572AD5-570B-4C19-8DBE-EA575F74E910}.Debug|Any CPU.Build.0 = Debug|Any CPU
		{5B572AD5-570B-4C19-8DBE-EA575F74E910}.Release|Any CPU.ActiveCfg = Release|Any CPU
		{5B572AD5-570B-4C19-8DBE-EA575F74E910}.Release|Any CPU.Build.0 = Release|Any CPU
		{E5794D88-BC64-40B2-AA05-F29A98FC8FFB}.Debug|Any CPU.ActiveCfg = Debug|Any CPU
		{E5794D88-BC64-40B2-AA05-F29A98FC8FFB}.Debug|Any CPU.Build.0 = Debug|Any CPU
		{E5794D88-BC64-40B2-AA05-F29A98FC8FFB}.Release|Any CPU.ActiveCfg = Release|Any CPU
		{E5794D88-BC64-40B2-AA05-F29A98FC8FFB}.Release|Any CPU.Build.0 = Release|Any CPU
		{994C33D7-0873-4460-BF1F-BBAAC1AEF041}.Debug|Any CPU.ActiveCfg = Debug|Any CPU
		{994C33D7-0873-4460-BF1F-BBAAC1AEF041}.Debug|Any CPU.Build.0 = Debug|Any CPU
		{994C33D7-0873-4460-BF1F-BBAAC1AEF041}.Release|Any CPU.ActiveCfg = Release|Any CPU
		{994C33D7-0873-4460-BF1F-BBAAC1AEF041}.Release|Any CPU.Build.0 = Release|Any CPU
	EndGlobalSection
	GlobalSection(SolutionProperties) = preSolution
		HideSolutionNode = FALSE
	EndGlobalSection
	GlobalSection(NestedProjects) = preSolution
		{D51CD270-6B50-4D3B-B313-81A69E21780A} = {C2262547-0CC0-489E-A13C-070BDC268629}
		{FA61B510-35FF-4944-AC2E-E895AC67980B} = {C2262547-0CC0-489E-A13C-070BDC268629}
		{786B33FC-E095-460D-8FE3-42182984CB12} = {C2262547-0CC0-489E-A13C-070BDC268629}
		{8BE2BF0F-A9BB-47FA-9E94-DF0615D5EFDF} = {C2262547-0CC0-489E-A13C-070BDC268629}
		{9090E1BD-159C-44AF-ADEA-A2D730D553E7} = {C2262547-0CC0-489E-A13C-070BDC268629}
		{668AA4D1-2BB3-4263-9357-822245D35A21} = {DC6EDB40-D428-4960-B4E6-7F10B18200CD}
		{CD75097E-AFD4-40DF-9D82-986645BF19F3} = {DC6EDB40-D428-4960-B4E6-7F10B18200CD}
		{5B572AD5-570B-4C19-8DBE-EA575F74E910} = {DC6EDB40-D428-4960-B4E6-7F10B18200CD}
		{E5794D88-BC64-40B2-AA05-F29A98FC8FFB} = {DC6EDB40-D428-4960-B4E6-7F10B18200CD}
		{994C33D7-0873-4460-BF1F-BBAAC1AEF041} = {DC6EDB40-D428-4960-B4E6-7F10B18200CD}
	EndGlobalSection
EndGlobal
